
Microsoft Visual Studio Solution File, Format Version 12.00
# Visual Studio 14
VisualStudioVersion = 14.0.25420.1
MinimumVisualStudioVersion = 10.0.40219.1
Project("{FAE04EC0-301F-11D3-BF4B-00C04F79EFBC}") = "Sitecore.OperationsSuite.Web", "Sitecore.OperationsSuite.Web\Sitecore.OperationsSuite.Web.csproj", "{0E576181-3EA6-47E5-8E7C-5368B2B0F02A}"
EndProject
Project("{FAE04EC0-301F-11D3-BF4B-00C04F79EFBC}") = "Sitecore.OperationsSuite.Monitoring", "Sitecore.OperationsSuite.Monitoring\Sitecore.OperationsSuite.Monitoring.csproj", "{A4BC9770-3ECF-49F8-B21E-0AA4D1C2CF1A}"
EndProject
Global
	GlobalSection(SolutionConfigurationPlatforms) = preSolution
		Debug|Any CPU = Debug|Any CPU
		Release|Any CPU = Release|Any CPU
	EndGlobalSection
	GlobalSection(ProjectConfigurationPlatforms) = postSolution
		{0E576181-3EA6-47E5-8E7C-5368B2B0F02A}.Debug|Any CPU.ActiveCfg = Debug|Any CPU
		{0E576181-3EA6-47E5-8E7C-5368B2B0F02A}.Debug|Any CPU.Build.0 = Debug|Any CPU
		{0E576181-3EA6-47E5-8E7C-5368B2B0F02A}.Release|Any CPU.ActiveCfg = Release|Any CPU
		{0E576181-3EA6-47E5-8E7C-5368B2B0F02A}.Release|Any CPU.Build.0 = Release|Any CPU
		{A4BC9770-3ECF-49F8-B21E-0AA4D1C2CF1A}.Debug|Any CPU.ActiveCfg = Debug|Any CPU
		{A4BC9770-3ECF-49F8-B21E-0AA4D1C2CF1A}.Debug|Any CPU.Build.0 = Debug|Any CPU
		{A4BC9770-3ECF-49F8-B21E-0AA4D1C2CF1A}.Release|Any CPU.ActiveCfg = Release|Any CPU
		{A4BC9770-3ECF-49F8-B21E-0AA4D1C2CF1A}.Release|Any CPU.Build.0 = Release|Any CPU
	EndGlobalSection
	GlobalSection(SolutionProperties) = preSolution
		HideSolutionNode = FALSE
	EndGlobalSection
EndGlobal
